// !$*UTF8*$!
{
	archiveVersion = 1;
	classes = {
	};
	objectVersion = 51;
	objects = {

/* Begin PBXBuildFile section */
		1E8988613597FC18751CFE78 /* Pods_ZisakuZitenTests.framework in Frameworks */ = {isa = PBXBuildFile; fileRef = 414B85174E0B2EE309638A3E /* Pods_ZisakuZitenTests.framework */; };
		1ED0FF00FACB1A940F7A7EDF /* Pods_ZisakuZiten_ZisakuZitenUITests.framework in Frameworks */ = {isa = PBXBuildFile; fileRef = 2317EC509AFE1F37142D0597 /* Pods_ZisakuZiten_ZisakuZitenUITests.framework */; };
		8136D6BD8420788BE2B2311E /* Pods_ZisakuZiten.framework in Frameworks */ = {isa = PBXBuildFile; fileRef = 68E6717DA6FB73D645000A58 /* Pods_ZisakuZiten.framework */; };
		D335623A24C96C9E0057D12B /* UIColor+random.swift in Sources */ = {isa = PBXBuildFile; fileRef = D335623924C96C9E0057D12B /* UIColor+random.swift */; };
		D335623C24C988170057D12B /* PlayNavigationController.swift in Sources */ = {isa = PBXBuildFile; fileRef = D335623B24C988170057D12B /* PlayNavigationController.swift */; };
		D335623E24CB243E0057D12B /* SelectGroupView.swift in Sources */ = {isa = PBXBuildFile; fileRef = D335623D24CB243E0057D12B /* SelectGroupView.swift */; };
		D335624024CB244B0057D12B /* SelectGroupView.xib in Resources */ = {isa = PBXBuildFile; fileRef = D335623F24CB244B0057D12B /* SelectGroupView.xib */; };
		D335624224CC56BC0057D12B /* PlayStartButton.swift in Sources */ = {isa = PBXBuildFile; fileRef = D335624124CC56BC0057D12B /* PlayStartButton.swift */; };
		D335624424CC5E460057D12B /* PlayStartViewController.swift in Sources */ = {isa = PBXBuildFile; fileRef = D335624324CC5E460057D12B /* PlayStartViewController.swift */; };
		D335624624CC5F110057D12B /* UIColor+hex.swift in Sources */ = {isa = PBXBuildFile; fileRef = D335624524CC5F110057D12B /* UIColor+hex.swift */; };
		D335624C24CC78650057D12B /* GroupPickerView.swift in Sources */ = {isa = PBXBuildFile; fileRef = D335624B24CC78650057D12B /* GroupPickerView.swift */; };
		D335624E24CC789E0057D12B /* GroupPickerView.xib in Resources */ = {isa = PBXBuildFile; fileRef = D335624D24CC789E0057D12B /* GroupPickerView.xib */; };
		D335625024CC8F6C0057D12B /* GroupPickerViewOwner.swift in Sources */ = {isa = PBXBuildFile; fileRef = D335624F24CC8F6C0057D12B /* GroupPickerViewOwner.swift */; };
		D33692A924D91E0A0027FB17 /* CorrectPopupViewController.swift in Sources */ = {isa = PBXBuildFile; fileRef = D33692A724D91E0A0027FB17 /* CorrectPopupViewController.swift */; };
		D33692AA24D91E0A0027FB17 /* CorrectPopupViewController.xib in Resources */ = {isa = PBXBuildFile; fileRef = D33692A824D91E0A0027FB17 /* CorrectPopupViewController.xib */; };
		D33692AC24DAA0A20027FB17 /* UIView+Blur.swift in Sources */ = {isa = PBXBuildFile; fileRef = D33692AB24DAA0A20027FB17 /* UIView+Blur.swift */; };
		D33692AE24DBE84A0027FB17 /* QuizItemButton.swift in Sources */ = {isa = PBXBuildFile; fileRef = D33692AD24DBE84A0027FB17 /* QuizItemButton.swift */; };
		D33692B024DBE9860027FB17 /* UIColor+convertToRGBA.swift in Sources */ = {isa = PBXBuildFile; fileRef = D33692AF24DBE9860027FB17 /* UIColor+convertToRGBA.swift */; };
		D33692B124DBF84A0027FB17 /* KosugiMaru-Regular.ttf in Resources */ = {isa = PBXBuildFile; fileRef = D33692A524D7AF310027FB17 /* KosugiMaru-Regular.ttf */; };
		D33692B424DD9B140027FB17 /* QuizGradeViewController.swift in Sources */ = {isa = PBXBuildFile; fileRef = D33692B224DD9B140027FB17 /* QuizGradeViewController.swift */; };
		D33692B524DD9B140027FB17 /* QuizGradeViewController.xib in Resources */ = {isa = PBXBuildFile; fileRef = D33692B324DD9B140027FB17 /* QuizGradeViewController.xib */; };
		D358122424AD60900042FEA7 /* CategoryColors.swift in Sources */ = {isa = PBXBuildFile; fileRef = D358122324AD60900042FEA7 /* CategoryColors.swift */; };
		D36418D224C13BA2009E0499 /* PlaySelectItemTableViewCell.swift in Sources */ = {isa = PBXBuildFile; fileRef = D36418D024C13BA2009E0499 /* PlaySelectItemTableViewCell.swift */; };
		D36418D324C13BA2009E0499 /* PlaySelectItemTableViewCell.xib in Resources */ = {isa = PBXBuildFile; fileRef = D36418D124C13BA2009E0499 /* PlaySelectItemTableViewCell.xib */; };
		D37AED8424B84663001E6302 /* UIImage+resize.swift in Sources */ = {isa = PBXBuildFile; fileRef = D37AED8324B84663001E6302 /* UIImage+resize.swift */; };
		D39FC4E924C3DEB000C4C0A1 /* Playlist.swift in Sources */ = {isa = PBXBuildFile; fileRef = D39FC4E824C3DEB000C4C0A1 /* Playlist.swift */; };
		D39FC4EC24C3E76400C4C0A1 /* UIView+asImage.swift in Sources */ = {isa = PBXBuildFile; fileRef = D39FC4EB24C3E76400C4C0A1 /* UIView+asImage.swift */; };
		D39FC4F124C408E800C4C0A1 /* QuizNavigationController.swift in Sources */ = {isa = PBXBuildFile; fileRef = D39FC4F024C408E800C4C0A1 /* QuizNavigationController.swift */; };
		D3A6A4DB24A26CBB00CF6C87 /* EditCategoryViewController.swift in Sources */ = {isa = PBXBuildFile; fileRef = D3A6A4D924A26CBB00CF6C87 /* EditCategoryViewController.swift */; };
		D3A6A4DF24A36FC800CF6C87 /* CategoryEditTableViewCell.swift in Sources */ = {isa = PBXBuildFile; fileRef = D3A6A4DD24A36FC800CF6C87 /* CategoryEditTableViewCell.swift */; };
		D3A6A4E024A36FC800CF6C87 /* CategoryEditTableViewCell.xib in Resources */ = {isa = PBXBuildFile; fileRef = D3A6A4DE24A36FC800CF6C87 /* CategoryEditTableViewCell.xib */; };
		D3A6A4E224A640FA00CF6C87 /* CategoryColorButton.swift in Sources */ = {isa = PBXBuildFile; fileRef = D3A6A4E124A640FA00CF6C87 /* CategoryColorButton.swift */; };
		D3A96A9A24A1F0D70053639B /* CreateCategoryDialogViewController.swift in Sources */ = {isa = PBXBuildFile; fileRef = D3A96A9824A1F0D70053639B /* CreateCategoryDialogViewController.swift */; };
		D3A96A9B24A1F0D70053639B /* CreateCategoryDialogViewController.xib in Resources */ = {isa = PBXBuildFile; fileRef = D3A96A9924A1F0D70053639B /* CreateCategoryDialogViewController.xib */; };
		D3AB70B4249F076A00DFDDB7 /* AppDelegate.swift in Sources */ = {isa = PBXBuildFile; fileRef = D3AB70B3249F076A00DFDDB7 /* AppDelegate.swift */; };
		D3AB70B6249F076A00DFDDB7 /* SceneDelegate.swift in Sources */ = {isa = PBXBuildFile; fileRef = D3AB70B5249F076A00DFDDB7 /* SceneDelegate.swift */; };
		D3AB70B8249F076A00DFDDB7 /* ViewController.swift in Sources */ = {isa = PBXBuildFile; fileRef = D3AB70B7249F076A00DFDDB7 /* ViewController.swift */; };
		D3AB70BB249F076A00DFDDB7 /* Main.storyboard in Resources */ = {isa = PBXBuildFile; fileRef = D3AB70B9249F076A00DFDDB7 /* Main.storyboard */; };
		D3AB70BD249F076B00DFDDB7 /* Assets.xcassets in Resources */ = {isa = PBXBuildFile; fileRef = D3AB70BC249F076B00DFDDB7 /* Assets.xcassets */; };
		D3AB70C0249F076B00DFDDB7 /* LaunchScreen.storyboard in Resources */ = {isa = PBXBuildFile; fileRef = D3AB70BE249F076B00DFDDB7 /* LaunchScreen.storyboard */; };
		D3AB70CB249F076B00DFDDB7 /* ZisakuZitenTests.swift in Sources */ = {isa = PBXBuildFile; fileRef = D3AB70CA249F076B00DFDDB7 /* ZisakuZitenTests.swift */; };
		D3AB70D6249F076B00DFDDB7 /* ZisakuZitenUITests.swift in Sources */ = {isa = PBXBuildFile; fileRef = D3AB70D5249F076B00DFDDB7 /* ZisakuZitenUITests.swift */; };
		D3AB70EB249F1EE700DFDDB7 /* GroupTableViewCell.swift in Sources */ = {isa = PBXBuildFile; fileRef = D3AB70E9249F1EE700DFDDB7 /* GroupTableViewCell.swift */; };
		D3AB70EC249F1EE700DFDDB7 /* GroupTableViewCell.xib in Resources */ = {isa = PBXBuildFile; fileRef = D3AB70EA249F1EE700DFDDB7 /* GroupTableViewCell.xib */; };
		D3AB70EE249F2B1A00DFDDB7 /* ZitenViewController.swift in Sources */ = {isa = PBXBuildFile; fileRef = D3AB70ED249F2B1A00DFDDB7 /* ZitenViewController.swift */; };
		D3AB70F1249F3A8B00DFDDB7 /* ZitenTableViewCell.swift in Sources */ = {isa = PBXBuildFile; fileRef = D3AB70EF249F3A8B00DFDDB7 /* ZitenTableViewCell.swift */; };
		D3AB70F2249F3A8B00DFDDB7 /* ZitenTableViewCell.xib in Resources */ = {isa = PBXBuildFile; fileRef = D3AB70F0249F3A8B00DFDDB7 /* ZitenTableViewCell.xib */; };
		D3AB70F4249F66DE00DFDDB7 /* Group.swift in Sources */ = {isa = PBXBuildFile; fileRef = D3AB70F3249F66DE00DFDDB7 /* Group.swift */; };
		D3AB70F6249F888800DFDDB7 /* Ziten.swift in Sources */ = {isa = PBXBuildFile; fileRef = D3AB70F5249F888800DFDDB7 /* Ziten.swift */; };
		D3AB70F8249F88E400DFDDB7 /* Category.swift in Sources */ = {isa = PBXBuildFile; fileRef = D3AB70F7249F88E400DFDDB7 /* Category.swift */; };
		D3AB70FA24A09A9A00DFDDB7 /* ZitenEditerViewController.swift in Sources */ = {isa = PBXBuildFile; fileRef = D3AB70F924A09A9A00DFDDB7 /* ZitenEditerViewController.swift */; };
		D3AB70FE24A113E200DFDDB7 /* ZitenPreviewViewController.swift in Sources */ = {isa = PBXBuildFile; fileRef = D3AB70FD24A113E200DFDDB7 /* ZitenPreviewViewController.swift */; };
		D3C0984F24D015BA00419F45 /* FlashCardViewController.swift in Sources */ = {isa = PBXBuildFile; fileRef = D3C0984D24D015BA00419F45 /* FlashCardViewController.swift */; };
		D3C0985024D015BA00419F45 /* FlashCardViewController.xib in Resources */ = {isa = PBXBuildFile; fileRef = D3C0984E24D015BA00419F45 /* FlashCardViewController.xib */; };
		D3C0985324D10D6F00419F45 /* QuizViewController.swift in Sources */ = {isa = PBXBuildFile; fileRef = D3C0985124D10D6F00419F45 /* QuizViewController.swift */; };
		D3C0985424D10D6F00419F45 /* QuizViewController.xib in Resources */ = {isa = PBXBuildFile; fileRef = D3C0985224D10D6F00419F45 /* QuizViewController.xib */; };
		D3C0985624D2E65900419F45 /* PlayBaseViewController.swift in Sources */ = {isa = PBXBuildFile; fileRef = D3C0985524D2E65900419F45 /* PlayBaseViewController.swift */; };
		D3C594DD24CDF07200066E42 /* PlayListItem.swift in Sources */ = {isa = PBXBuildFile; fileRef = D3C594DC24CDF07200066E42 /* PlayListItem.swift */; };
		D3F79FFE24BEFB3500127E7A /* PlayViewController.swift in Sources */ = {isa = PBXBuildFile; fileRef = D3F79FFD24BEFB3500127E7A /* PlayViewController.swift */; };
		D3FEFFDA24C8E0FD0069A356 /* MainTabViewController.swift in Sources */ = {isa = PBXBuildFile; fileRef = D3FEFFD924C8E0FD0069A356 /* MainTabViewController.swift */; };
/* End PBXBuildFile section */

/* Begin PBXContainerItemProxy section */
		D3AB70C7249F076B00DFDDB7 /* PBXContainerItemProxy */ = {
			isa = PBXContainerItemProxy;
			containerPortal = D3AB70A8249F076A00DFDDB7 /* Project object */;
			proxyType = 1;
			remoteGlobalIDString = D3AB70AF249F076A00DFDDB7;
			remoteInfo = ZisakuZiten;
		};
		D3AB70D2249F076B00DFDDB7 /* PBXContainerItemProxy */ = {
			isa = PBXContainerItemProxy;
			containerPortal = D3AB70A8249F076A00DFDDB7 /* Project object */;
			proxyType = 1;
			remoteGlobalIDString = D3AB70AF249F076A00DFDDB7;
			remoteInfo = ZisakuZiten;
		};
/* End PBXContainerItemProxy section */

/* Begin PBXFileReference section */
		2317EC509AFE1F37142D0597 /* Pods_ZisakuZiten_ZisakuZitenUITests.framework */ = {isa = PBXFileReference; explicitFileType = wrapper.framework; includeInIndex = 0; path = Pods_ZisakuZiten_ZisakuZitenUITests.framework; sourceTree = BUILT_PRODUCTS_DIR; };
		414B85174E0B2EE309638A3E /* Pods_ZisakuZitenTests.framework */ = {isa = PBXFileReference; explicitFileType = wrapper.framework; includeInIndex = 0; path = Pods_ZisakuZitenTests.framework; sourceTree = BUILT_PRODUCTS_DIR; };
		44C33D623615775691CA1168 /* Pods-ZisakuZiten-ZisakuZitenUITests.release.xcconfig */ = {isa = PBXFileReference; includeInIndex = 1; lastKnownFileType = text.xcconfig; name = "Pods-ZisakuZiten-ZisakuZitenUITests.release.xcconfig"; path = "Target Support Files/Pods-ZisakuZiten-ZisakuZitenUITests/Pods-ZisakuZiten-ZisakuZitenUITests.release.xcconfig"; sourceTree = "<group>"; };
		5D6E70AD28E4EBDC97DCB07D /* Pods-ZisakuZiten.release.xcconfig */ = {isa = PBXFileReference; includeInIndex = 1; lastKnownFileType = text.xcconfig; name = "Pods-ZisakuZiten.release.xcconfig"; path = "Target Support Files/Pods-ZisakuZiten/Pods-ZisakuZiten.release.xcconfig"; sourceTree = "<group>"; };
		617F337C3E67A6BB3A803229 /* Pods-ZisakuZitenTests.release.xcconfig */ = {isa = PBXFileReference; includeInIndex = 1; lastKnownFileType = text.xcconfig; name = "Pods-ZisakuZitenTests.release.xcconfig"; path = "Target Support Files/Pods-ZisakuZitenTests/Pods-ZisakuZitenTests.release.xcconfig"; sourceTree = "<group>"; };
		68E6717DA6FB73D645000A58 /* Pods_ZisakuZiten.framework */ = {isa = PBXFileReference; explicitFileType = wrapper.framework; includeInIndex = 0; path = Pods_ZisakuZiten.framework; sourceTree = BUILT_PRODUCTS_DIR; };
		6A8D1B79B4FDB77B5BF64472 /* Pods-ZisakuZitenTests.debug.xcconfig */ = {isa = PBXFileReference; includeInIndex = 1; lastKnownFileType = text.xcconfig; name = "Pods-ZisakuZitenTests.debug.xcconfig"; path = "Target Support Files/Pods-ZisakuZitenTests/Pods-ZisakuZitenTests.debug.xcconfig"; sourceTree = "<group>"; };
		9F53344879C4469E50AF8A01 /* Pods-ZisakuZiten-ZisakuZitenUITests.debug.xcconfig */ = {isa = PBXFileReference; includeInIndex = 1; lastKnownFileType = text.xcconfig; name = "Pods-ZisakuZiten-ZisakuZitenUITests.debug.xcconfig"; path = "Target Support Files/Pods-ZisakuZiten-ZisakuZitenUITests/Pods-ZisakuZiten-ZisakuZitenUITests.debug.xcconfig"; sourceTree = "<group>"; };
		D335623924C96C9E0057D12B /* UIColor+random.swift */ = {isa = PBXFileReference; lastKnownFileType = sourcecode.swift; path = "UIColor+random.swift"; sourceTree = "<group>"; };
		D335623B24C988170057D12B /* PlayNavigationController.swift */ = {isa = PBXFileReference; lastKnownFileType = sourcecode.swift; path = PlayNavigationController.swift; sourceTree = "<group>"; };
		D335623D24CB243E0057D12B /* SelectGroupView.swift */ = {isa = PBXFileReference; lastKnownFileType = sourcecode.swift; path = SelectGroupView.swift; sourceTree = "<group>"; };
		D335623F24CB244B0057D12B /* SelectGroupView.xib */ = {isa = PBXFileReference; lastKnownFileType = file.xib; path = SelectGroupView.xib; sourceTree = "<group>"; };
		D335624124CC56BC0057D12B /* PlayStartButton.swift */ = {isa = PBXFileReference; lastKnownFileType = sourcecode.swift; path = PlayStartButton.swift; sourceTree = "<group>"; };
		D335624324CC5E460057D12B /* PlayStartViewController.swift */ = {isa = PBXFileReference; lastKnownFileType = sourcecode.swift; path = PlayStartViewController.swift; sourceTree = "<group>"; };
		D335624524CC5F110057D12B /* UIColor+hex.swift */ = {isa = PBXFileReference; lastKnownFileType = sourcecode.swift; path = "UIColor+hex.swift"; sourceTree = "<group>"; };
		D335624B24CC78650057D12B /* GroupPickerView.swift */ = {isa = PBXFileReference; lastKnownFileType = sourcecode.swift; path = GroupPickerView.swift; sourceTree = "<group>"; };
		D335624D24CC789E0057D12B /* GroupPickerView.xib */ = {isa = PBXFileReference; lastKnownFileType = file.xib; path = GroupPickerView.xib; sourceTree = "<group>"; };
		D335624F24CC8F6C0057D12B /* GroupPickerViewOwner.swift */ = {isa = PBXFileReference; lastKnownFileType = sourcecode.swift; path = GroupPickerViewOwner.swift; sourceTree = "<group>"; };
		D33692A524D7AF310027FB17 /* KosugiMaru-Regular.ttf */ = {isa = PBXFileReference; lastKnownFileType = file; name = "KosugiMaru-Regular.ttf"; path = "../../../../../../../Downloads/Kosugi_Maru/KosugiMaru-Regular.ttf"; sourceTree = "<group>"; };
		D33692A724D91E0A0027FB17 /* CorrectPopupViewController.swift */ = {isa = PBXFileReference; lastKnownFileType = sourcecode.swift; path = CorrectPopupViewController.swift; sourceTree = "<group>"; };
		D33692A824D91E0A0027FB17 /* CorrectPopupViewController.xib */ = {isa = PBXFileReference; lastKnownFileType = file.xib; path = CorrectPopupViewController.xib; sourceTree = "<group>"; };
		D33692AB24DAA0A20027FB17 /* UIView+Blur.swift */ = {isa = PBXFileReference; lastKnownFileType = sourcecode.swift; path = "UIView+Blur.swift"; sourceTree = "<group>"; };
		D33692AD24DBE84A0027FB17 /* QuizItemButton.swift */ = {isa = PBXFileReference; lastKnownFileType = sourcecode.swift; path = QuizItemButton.swift; sourceTree = "<group>"; };
		D33692AF24DBE9860027FB17 /* UIColor+convertToRGBA.swift */ = {isa = PBXFileReference; lastKnownFileType = sourcecode.swift; path = "UIColor+convertToRGBA.swift"; sourceTree = "<group>"; };
		D33692B224DD9B140027FB17 /* QuizGradeViewController.swift */ = {isa = PBXFileReference; lastKnownFileType = sourcecode.swift; path = QuizGradeViewController.swift; sourceTree = "<group>"; };
		D33692B324DD9B140027FB17 /* QuizGradeViewController.xib */ = {isa = PBXFileReference; lastKnownFileType = file.xib; path = QuizGradeViewController.xib; sourceTree = "<group>"; };
		D358122324AD60900042FEA7 /* CategoryColors.swift */ = {isa = PBXFileReference; lastKnownFileType = sourcecode.swift; path = CategoryColors.swift; sourceTree = "<group>"; };
		D36418D024C13BA2009E0499 /* PlaySelectItemTableViewCell.swift */ = {isa = PBXFileReference; lastKnownFileType = sourcecode.swift; path = PlaySelectItemTableViewCell.swift; sourceTree = "<group>"; };
		D36418D124C13BA2009E0499 /* PlaySelectItemTableViewCell.xib */ = {isa = PBXFileReference; lastKnownFileType = file.xib; path = PlaySelectItemTableViewCell.xib; sourceTree = "<group>"; };
		D37AED8324B84663001E6302 /* UIImage+resize.swift */ = {isa = PBXFileReference; lastKnownFileType = sourcecode.swift; path = "UIImage+resize.swift"; sourceTree = "<group>"; };
		D39FC4E824C3DEB000C4C0A1 /* Playlist.swift */ = {isa = PBXFileReference; lastKnownFileType = sourcecode.swift; path = Playlist.swift; sourceTree = "<group>"; };
		D39FC4EB24C3E76400C4C0A1 /* UIView+asImage.swift */ = {isa = PBXFileReference; lastKnownFileType = sourcecode.swift; path = "UIView+asImage.swift"; sourceTree = "<group>"; };
		D39FC4F024C408E800C4C0A1 /* QuizNavigationController.swift */ = {isa = PBXFileReference; lastKnownFileType = sourcecode.swift; path = QuizNavigationController.swift; sourceTree = "<group>"; };
		D3A6A4D924A26CBB00CF6C87 /* EditCategoryViewController.swift */ = {isa = PBXFileReference; lastKnownFileType = sourcecode.swift; path = EditCategoryViewController.swift; sourceTree = "<group>"; };
		D3A6A4DD24A36FC800CF6C87 /* CategoryEditTableViewCell.swift */ = {isa = PBXFileReference; lastKnownFileType = sourcecode.swift; path = CategoryEditTableViewCell.swift; sourceTree = "<group>"; };
		D3A6A4DE24A36FC800CF6C87 /* CategoryEditTableViewCell.xib */ = {isa = PBXFileReference; lastKnownFileType = file.xib; path = CategoryEditTableViewCell.xib; sourceTree = "<group>"; };
		D3A6A4E124A640FA00CF6C87 /* CategoryColorButton.swift */ = {isa = PBXFileReference; lastKnownFileType = sourcecode.swift; path = CategoryColorButton.swift; sourceTree = "<group>"; };
		D3A96A9824A1F0D70053639B /* CreateCategoryDialogViewController.swift */ = {isa = PBXFileReference; lastKnownFileType = sourcecode.swift; path = CreateCategoryDialogViewController.swift; sourceTree = "<group>"; };
		D3A96A9924A1F0D70053639B /* CreateCategoryDialogViewController.xib */ = {isa = PBXFileReference; lastKnownFileType = file.xib; path = CreateCategoryDialogViewController.xib; sourceTree = "<group>"; };
		D3AB70B0249F076A00DFDDB7 /* 自作辞典.app */ = {isa = PBXFileReference; explicitFileType = wrapper.application; includeInIndex = 0; path = "自作辞典.app"; sourceTree = BUILT_PRODUCTS_DIR; };
		D3AB70B3249F076A00DFDDB7 /* AppDelegate.swift */ = {isa = PBXFileReference; lastKnownFileType = sourcecode.swift; path = AppDelegate.swift; sourceTree = "<group>"; };
		D3AB70B5249F076A00DFDDB7 /* SceneDelegate.swift */ = {isa = PBXFileReference; lastKnownFileType = sourcecode.swift; path = SceneDelegate.swift; sourceTree = "<group>"; };
		D3AB70B7249F076A00DFDDB7 /* ViewController.swift */ = {isa = PBXFileReference; lastKnownFileType = sourcecode.swift; path = ViewController.swift; sourceTree = "<group>"; };
		D3AB70BA249F076A00DFDDB7 /* Base */ = {isa = PBXFileReference; lastKnownFileType = file.storyboard; name = Base; path = Base.lproj/Main.storyboard; sourceTree = "<group>"; };
		D3AB70BC249F076B00DFDDB7 /* Assets.xcassets */ = {isa = PBXFileReference; lastKnownFileType = folder.assetcatalog; path = Assets.xcassets; sourceTree = "<group>"; };
		D3AB70BF249F076B00DFDDB7 /* Base */ = {isa = PBXFileReference; lastKnownFileType = file.storyboard; name = Base; path = Base.lproj/LaunchScreen.storyboard; sourceTree = "<group>"; };
		D3AB70C1249F076B00DFDDB7 /* Info.plist */ = {isa = PBXFileReference; lastKnownFileType = text.plist.xml; path = Info.plist; sourceTree = "<group>"; };
		D3AB70C6249F076B00DFDDB7 /* ZisakuZitenTests.xctest */ = {isa = PBXFileReference; explicitFileType = wrapper.cfbundle; includeInIndex = 0; path = ZisakuZitenTests.xctest; sourceTree = BUILT_PRODUCTS_DIR; };
		D3AB70CA249F076B00DFDDB7 /* ZisakuZitenTests.swift */ = {isa = PBXFileReference; lastKnownFileType = sourcecode.swift; path = ZisakuZitenTests.swift; sourceTree = "<group>"; };
		D3AB70CC249F076B00DFDDB7 /* Info.plist */ = {isa = PBXFileReference; lastKnownFileType = text.plist.xml; path = Info.plist; sourceTree = "<group>"; };
		D3AB70D1249F076B00DFDDB7 /* ZisakuZitenUITests.xctest */ = {isa = PBXFileReference; explicitFileType = wrapper.cfbundle; includeInIndex = 0; path = ZisakuZitenUITests.xctest; sourceTree = BUILT_PRODUCTS_DIR; };
		D3AB70D5249F076B00DFDDB7 /* ZisakuZitenUITests.swift */ = {isa = PBXFileReference; lastKnownFileType = sourcecode.swift; path = ZisakuZitenUITests.swift; sourceTree = "<group>"; };
		D3AB70D7249F076B00DFDDB7 /* Info.plist */ = {isa = PBXFileReference; lastKnownFileType = text.plist.xml; path = Info.plist; sourceTree = "<group>"; };
		D3AB70E9249F1EE700DFDDB7 /* GroupTableViewCell.swift */ = {isa = PBXFileReference; lastKnownFileType = sourcecode.swift; path = GroupTableViewCell.swift; sourceTree = "<group>"; };
		D3AB70EA249F1EE700DFDDB7 /* GroupTableViewCell.xib */ = {isa = PBXFileReference; lastKnownFileType = file.xib; path = GroupTableViewCell.xib; sourceTree = "<group>"; };
		D3AB70ED249F2B1A00DFDDB7 /* ZitenViewController.swift */ = {isa = PBXFileReference; lastKnownFileType = sourcecode.swift; path = ZitenViewController.swift; sourceTree = "<group>"; };
		D3AB70EF249F3A8B00DFDDB7 /* ZitenTableViewCell.swift */ = {isa = PBXFileReference; lastKnownFileType = sourcecode.swift; path = ZitenTableViewCell.swift; sourceTree = "<group>"; };
		D3AB70F0249F3A8B00DFDDB7 /* ZitenTableViewCell.xib */ = {isa = PBXFileReference; lastKnownFileType = file.xib; path = ZitenTableViewCell.xib; sourceTree = "<group>"; };
		D3AB70F3249F66DE00DFDDB7 /* Group.swift */ = {isa = PBXFileReference; lastKnownFileType = sourcecode.swift; path = Group.swift; sourceTree = "<group>"; };
		D3AB70F5249F888800DFDDB7 /* Ziten.swift */ = {isa = PBXFileReference; lastKnownFileType = sourcecode.swift; path = Ziten.swift; sourceTree = "<group>"; };
		D3AB70F7249F88E400DFDDB7 /* Category.swift */ = {isa = PBXFileReference; lastKnownFileType = sourcecode.swift; path = Category.swift; sourceTree = "<group>"; };
		D3AB70F924A09A9A00DFDDB7 /* ZitenEditerViewController.swift */ = {isa = PBXFileReference; lastKnownFileType = sourcecode.swift; path = ZitenEditerViewController.swift; sourceTree = "<group>"; };
		D3AB70FD24A113E200DFDDB7 /* ZitenPreviewViewController.swift */ = {isa = PBXFileReference; lastKnownFileType = sourcecode.swift; path = ZitenPreviewViewController.swift; sourceTree = "<group>"; };
		D3C0984D24D015BA00419F45 /* FlashCardViewController.swift */ = {isa = PBXFileReference; lastKnownFileType = sourcecode.swift; path = FlashCardViewController.swift; sourceTree = "<group>"; };
		D3C0984E24D015BA00419F45 /* FlashCardViewController.xib */ = {isa = PBXFileReference; lastKnownFileType = file.xib; path = FlashCardViewController.xib; sourceTree = "<group>"; };
		D3C0985124D10D6F00419F45 /* QuizViewController.swift */ = {isa = PBXFileReference; lastKnownFileType = sourcecode.swift; path = QuizViewController.swift; sourceTree = "<group>"; };
		D3C0985224D10D6F00419F45 /* QuizViewController.xib */ = {isa = PBXFileReference; lastKnownFileType = file.xib; path = QuizViewController.xib; sourceTree = "<group>"; };
		D3C0985524D2E65900419F45 /* PlayBaseViewController.swift */ = {isa = PBXFileReference; lastKnownFileType = sourcecode.swift; path = PlayBaseViewController.swift; sourceTree = "<group>"; };
		D3C594DC24CDF07200066E42 /* PlayListItem.swift */ = {isa = PBXFileReference; lastKnownFileType = sourcecode.swift; path = PlayListItem.swift; sourceTree = "<group>"; };
		D3F79FFD24BEFB3500127E7A /* PlayViewController.swift */ = {isa = PBXFileReference; lastKnownFileType = sourcecode.swift; path = PlayViewController.swift; sourceTree = "<group>"; };
		D3FEFFD924C8E0FD0069A356 /* MainTabViewController.swift */ = {isa = PBXFileReference; lastKnownFileType = sourcecode.swift; path = MainTabViewController.swift; sourceTree = "<group>"; };
		E96D2E82B4094384A88DED24 /* Pods-ZisakuZiten.debug.xcconfig */ = {isa = PBXFileReference; includeInIndex = 1; lastKnownFileType = text.xcconfig; name = "Pods-ZisakuZiten.debug.xcconfig"; path = "Target Support Files/Pods-ZisakuZiten/Pods-ZisakuZiten.debug.xcconfig"; sourceTree = "<group>"; };
/* End PBXFileReference section */

/* Begin PBXFrameworksBuildPhase section */
		D3AB70AD249F076A00DFDDB7 /* Frameworks */ = {
			isa = PBXFrameworksBuildPhase;
			buildActionMask = 2147483647;
			files = (
				8136D6BD8420788BE2B2311E /* Pods_ZisakuZiten.framework in Frameworks */,
			);
			runOnlyForDeploymentPostprocessing = 0;
		};
		D3AB70C3249F076B00DFDDB7 /* Frameworks */ = {
			isa = PBXFrameworksBuildPhase;
			buildActionMask = 2147483647;
			files = (
				1E8988613597FC18751CFE78 /* Pods_ZisakuZitenTests.framework in Frameworks */,
			);
			runOnlyForDeploymentPostprocessing = 0;
		};
		D3AB70CE249F076B00DFDDB7 /* Frameworks */ = {
			isa = PBXFrameworksBuildPhase;
			buildActionMask = 2147483647;
			files = (
				1ED0FF00FACB1A940F7A7EDF /* Pods_ZisakuZiten_ZisakuZitenUITests.framework in Frameworks */,
			);
			runOnlyForDeploymentPostprocessing = 0;
		};
/* End PBXFrameworksBuildPhase section */

/* Begin PBXGroup section */
		6ABDF52055F46616F95BC1F1 /* Frameworks */ = {
			isa = PBXGroup;
			children = (
				68E6717DA6FB73D645000A58 /* Pods_ZisakuZiten.framework */,
				2317EC509AFE1F37142D0597 /* Pods_ZisakuZiten_ZisakuZitenUITests.framework */,
				414B85174E0B2EE309638A3E /* Pods_ZisakuZitenTests.framework */,
			);
			name = Frameworks;
			sourceTree = "<group>";
		};
		D1DE104806474D33EBEAE42C /* Pods */ = {
			isa = PBXGroup;
			children = (
				E96D2E82B4094384A88DED24 /* Pods-ZisakuZiten.debug.xcconfig */,
				5D6E70AD28E4EBDC97DCB07D /* Pods-ZisakuZiten.release.xcconfig */,
				9F53344879C4469E50AF8A01 /* Pods-ZisakuZiten-ZisakuZitenUITests.debug.xcconfig */,
				44C33D623615775691CA1168 /* Pods-ZisakuZiten-ZisakuZitenUITests.release.xcconfig */,
				6A8D1B79B4FDB77B5BF64472 /* Pods-ZisakuZitenTests.debug.xcconfig */,
				617F337C3E67A6BB3A803229 /* Pods-ZisakuZitenTests.release.xcconfig */,
			);
			path = Pods;
			sourceTree = "<group>";
		};
		D335623724C95FFD0057D12B /* Ziten */ = {
			isa = PBXGroup;
			children = (
				D3AB70ED249F2B1A00DFDDB7 /* ZitenViewController.swift */,
				D3AB70EF249F3A8B00DFDDB7 /* ZitenTableViewCell.swift */,
				D3AB70F0249F3A8B00DFDDB7 /* ZitenTableViewCell.xib */,
				D3AB70F924A09A9A00DFDDB7 /* ZitenEditerViewController.swift */,
				D3AB70FD24A113E200DFDDB7 /* ZitenPreviewViewController.swift */,
			);
			path = Ziten;
			sourceTree = "<group>";
		};
		D335623824C9616F0057D12B /* Application */ = {
			isa = PBXGroup;
			children = (
				D3AB70B3249F076A00DFDDB7 /* AppDelegate.swift */,
				D3AB70B5249F076A00DFDDB7 /* SceneDelegate.swift */,
			);
			path = Application;
			sourceTree = "<group>";
		};
		D33692A324D775B20027FB17 /* Gorup */ = {
			isa = PBXGroup;
			children = (
				D3AB70E9249F1EE700DFDDB7 /* GroupTableViewCell.swift */,
				D3AB70EA249F1EE700DFDDB7 /* GroupTableViewCell.xib */,
			);
			path = Gorup;
			sourceTree = "<group>";
		};
		D33692A424D7AF1F0027FB17 /* Fonts */ = {
			isa = PBXGroup;
			children = (
				D33692A524D7AF310027FB17 /* KosugiMaru-Regular.ttf */,
			);
			path = Fonts;
			sourceTree = "<group>";
		};
		D37AED8224B84631001E6302 /* Extensions */ = {
			isa = PBXGroup;
			children = (
				D37AED8324B84663001E6302 /* UIImage+resize.swift */,
				D39FC4EB24C3E76400C4C0A1 /* UIView+asImage.swift */,
				D335623924C96C9E0057D12B /* UIColor+random.swift */,
				D335624524CC5F110057D12B /* UIColor+hex.swift */,
				D33692AB24DAA0A20027FB17 /* UIView+Blur.swift */,
				D33692AF24DBE9860027FB17 /* UIColor+convertToRGBA.swift */,
			);
			path = Extensions;
			sourceTree = "<group>";
		};
		D39FC4E724C3D9A700C4C0A1 /* MainQuiz */ = {
			isa = PBXGroup;
			children = (
				D39FC4F024C408E800C4C0A1 /* QuizNavigationController.swift */,
				D3C0985124D10D6F00419F45 /* QuizViewController.swift */,
				D3C0985224D10D6F00419F45 /* QuizViewController.xib */,
				D33692A724D91E0A0027FB17 /* CorrectPopupViewController.swift */,
				D33692A824D91E0A0027FB17 /* CorrectPopupViewController.xib */,
				D33692AD24DBE84A0027FB17 /* QuizItemButton.swift */,
				D33692B224DD9B140027FB17 /* QuizGradeViewController.swift */,
				D33692B324DD9B140027FB17 /* QuizGradeViewController.xib */,
			);
			path = MainQuiz;
			sourceTree = "<group>";
		};
		D39FC4ED24C3F1DC00C4C0A1 /* FlashCard */ = {
			isa = PBXGroup;
			children = (
				D3C0984D24D015BA00419F45 /* FlashCardViewController.swift */,
				D3C0984E24D015BA00419F45 /* FlashCardViewController.xib */,
			);
			path = FlashCard;
			sourceTree = "<group>";
		};
		D3AB70A7249F076A00DFDDB7 = {
			isa = PBXGroup;
			children = (
				D3AB70B2249F076A00DFDDB7 /* ZisakuZiten */,
				D3AB70C9249F076B00DFDDB7 /* ZisakuZitenTests */,
				D3AB70D4249F076B00DFDDB7 /* ZisakuZitenUITests */,
				D3AB70B1249F076A00DFDDB7 /* Products */,
				D1DE104806474D33EBEAE42C /* Pods */,
				6ABDF52055F46616F95BC1F1 /* Frameworks */,
			);
			sourceTree = "<group>";
		};
		D3AB70B1249F076A00DFDDB7 /* Products */ = {
			isa = PBXGroup;
			children = (
				D3AB70B0249F076A00DFDDB7 /* 自作辞典.app */,
				D3AB70C6249F076B00DFDDB7 /* ZisakuZitenTests.xctest */,
				D3AB70D1249F076B00DFDDB7 /* ZisakuZitenUITests.xctest */,
			);
			name = Products;
			sourceTree = "<group>";
		};
		D3AB70B2249F076A00DFDDB7 /* ZisakuZiten */ = {
			isa = PBXGroup;
			children = (
				D33692A424D7AF1F0027FB17 /* Fonts */,
				D33692A324D775B20027FB17 /* Gorup */,
				D335623824C9616F0057D12B /* Application */,
				D335623724C95FFD0057D12B /* Ziten */,
				D3F79FFF24BEFB4000127E7A /* Play */,
				D3F79FC424BD4EEA00127E7A /* CategoryView */,
				D3F79FC324BD4CE300127E7A /* Model */,
				D37AED8224B84631001E6302 /* Extensions */,
				D3AB70B7249F076A00DFDDB7 /* ViewController.swift */,
				D3AB70B9249F076A00DFDDB7 /* Main.storyboard */,
				D3AB70BC249F076B00DFDDB7 /* Assets.xcassets */,
				D3AB70BE249F076B00DFDDB7 /* LaunchScreen.storyboard */,
				D3AB70C1249F076B00DFDDB7 /* Info.plist */,
				D335623B24C988170057D12B /* PlayNavigationController.swift */,
				D3FEFFD924C8E0FD0069A356 /* MainTabViewController.swift */,
			);
			path = ZisakuZiten;
			sourceTree = "<group>";
		};
		D3AB70C9249F076B00DFDDB7 /* ZisakuZitenTests */ = {
			isa = PBXGroup;
			children = (
				D3AB70CA249F076B00DFDDB7 /* ZisakuZitenTests.swift */,
				D3AB70CC249F076B00DFDDB7 /* Info.plist */,
			);
			path = ZisakuZitenTests;
			sourceTree = "<group>";
		};
		D3AB70D4249F076B00DFDDB7 /* ZisakuZitenUITests */ = {
			isa = PBXGroup;
			children = (
				D3AB70D5249F076B00DFDDB7 /* ZisakuZitenUITests.swift */,
				D3AB70D7249F076B00DFDDB7 /* Info.plist */,
			);
			path = ZisakuZitenUITests;
			sourceTree = "<group>";
		};
		D3F79FC324BD4CE300127E7A /* Model */ = {
			isa = PBXGroup;
			children = (
				D358122324AD60900042FEA7 /* CategoryColors.swift */,
				D3AB70F3249F66DE00DFDDB7 /* Group.swift */,
				D3AB70F5249F888800DFDDB7 /* Ziten.swift */,
				D3AB70F7249F88E400DFDDB7 /* Category.swift */,
				D3C594DC24CDF07200066E42 /* PlayListItem.swift */,
				D39FC4E824C3DEB000C4C0A1 /* Playlist.swift */,
			);
			path = Model;
			sourceTree = "<group>";
		};
		D3F79FC424BD4EEA00127E7A /* CategoryView */ = {
			isa = PBXGroup;
			children = (
				D3A96A9824A1F0D70053639B /* CreateCategoryDialogViewController.swift */,
				D3A96A9924A1F0D70053639B /* CreateCategoryDialogViewController.xib */,
				D3A6A4D924A26CBB00CF6C87 /* EditCategoryViewController.swift */,
				D3A6A4DD24A36FC800CF6C87 /* CategoryEditTableViewCell.swift */,
				D3A6A4DE24A36FC800CF6C87 /* CategoryEditTableViewCell.xib */,
				D3A6A4E124A640FA00CF6C87 /* CategoryColorButton.swift */,
			);
			path = CategoryView;
			sourceTree = "<group>";
		};
		D3F79FFF24BEFB4000127E7A /* Play */ = {
			isa = PBXGroup;
			children = (
				D39FC4ED24C3F1DC00C4C0A1 /* FlashCard */,
				D39FC4E724C3D9A700C4C0A1 /* MainQuiz */,
				D3F79FFD24BEFB3500127E7A /* PlayViewController.swift */,
				D3C0985524D2E65900419F45 /* PlayBaseViewController.swift */,
				D36418D024C13BA2009E0499 /* PlaySelectItemTableViewCell.swift */,
				D36418D124C13BA2009E0499 /* PlaySelectItemTableViewCell.xib */,
				D335623D24CB243E0057D12B /* SelectGroupView.swift */,
				D335623F24CB244B0057D12B /* SelectGroupView.xib */,
				D335624124CC56BC0057D12B /* PlayStartButton.swift */,
				D335624324CC5E460057D12B /* PlayStartViewController.swift */,
				D335624B24CC78650057D12B /* GroupPickerView.swift */,
				D335624D24CC789E0057D12B /* GroupPickerView.xib */,
				D335624F24CC8F6C0057D12B /* GroupPickerViewOwner.swift */,
			);
			path = Play;
			sourceTree = "<group>";
		};
/* End PBXGroup section */

/* Begin PBXNativeTarget section */
		D3AB70AF249F076A00DFDDB7 /* ZisakuZiten */ = {
			isa = PBXNativeTarget;
			buildConfigurationList = D3AB70DA249F076B00DFDDB7 /* Build configuration list for PBXNativeTarget "ZisakuZiten" */;
			buildPhases = (
				94FC47459B95925B5FCDF6CB /* [CP] Check Pods Manifest.lock */,
				D3AB70AC249F076A00DFDDB7 /* Sources */,
				D3AB70AD249F076A00DFDDB7 /* Frameworks */,
				D3AB70AE249F076A00DFDDB7 /* Resources */,
				B3EED2DF6E3645D827A40DD7 /* [CP] Embed Pods Frameworks */,
			);
			buildRules = (
			);
			dependencies = (
			);
			name = ZisakuZiten;
			productName = ZisakuZiten;
			productReference = D3AB70B0249F076A00DFDDB7 /* 自作辞典.app */;
			productType = "com.apple.product-type.application";
		};
		D3AB70C5249F076B00DFDDB7 /* ZisakuZitenTests */ = {
			isa = PBXNativeTarget;
			buildConfigurationList = D3AB70DD249F076B00DFDDB7 /* Build configuration list for PBXNativeTarget "ZisakuZitenTests" */;
			buildPhases = (
				36F105055F1C803F8D17ABC9 /* [CP] Check Pods Manifest.lock */,
				D3AB70C2249F076B00DFDDB7 /* Sources */,
				D3AB70C3249F076B00DFDDB7 /* Frameworks */,
				D3AB70C4249F076B00DFDDB7 /* Resources */,
			);
			buildRules = (
			);
			dependencies = (
				D3AB70C8249F076B00DFDDB7 /* PBXTargetDependency */,
			);
			name = ZisakuZitenTests;
			productName = ZisakuZitenTests;
			productReference = D3AB70C6249F076B00DFDDB7 /* ZisakuZitenTests.xctest */;
			productType = "com.apple.product-type.bundle.unit-test";
		};
		D3AB70D0249F076B00DFDDB7 /* ZisakuZitenUITests */ = {
			isa = PBXNativeTarget;
			buildConfigurationList = D3AB70E0249F076B00DFDDB7 /* Build configuration list for PBXNativeTarget "ZisakuZitenUITests" */;
			buildPhases = (
				5FA4E97BF627128B33131CB8 /* [CP] Check Pods Manifest.lock */,
				D3AB70CD249F076B00DFDDB7 /* Sources */,
				D3AB70CE249F076B00DFDDB7 /* Frameworks */,
				D3AB70CF249F076B00DFDDB7 /* Resources */,
				8AF2418D156A9CB3D2C39CE5 /* [CP] Embed Pods Frameworks */,
			);
			buildRules = (
			);
			dependencies = (
				D3AB70D3249F076B00DFDDB7 /* PBXTargetDependency */,
			);
			name = ZisakuZitenUITests;
			productName = ZisakuZitenUITests;
			productReference = D3AB70D1249F076B00DFDDB7 /* ZisakuZitenUITests.xctest */;
			productType = "com.apple.product-type.bundle.ui-testing";
		};
/* End PBXNativeTarget section */

/* Begin PBXProject section */
		D3AB70A8249F076A00DFDDB7 /* Project object */ = {
			isa = PBXProject;
			attributes = {
				LastSwiftUpdateCheck = 1140;
				LastUpgradeCheck = 1140;
				ORGANIZATIONNAME = unkonow;
				TargetAttributes = {
					D3AB70AF249F076A00DFDDB7 = {
						CreatedOnToolsVersion = 11.4.1;
					};
					D3AB70C5249F076B00DFDDB7 = {
						CreatedOnToolsVersion = 11.4.1;
						TestTargetID = D3AB70AF249F076A00DFDDB7;
					};
					D3AB70D0249F076B00DFDDB7 = {
						CreatedOnToolsVersion = 11.4.1;
						TestTargetID = D3AB70AF249F076A00DFDDB7;
					};
				};
			};
			buildConfigurationList = D3AB70AB249F076A00DFDDB7 /* Build configuration list for PBXProject "ZisakuZiten" */;
			compatibilityVersion = "Xcode 9.3";
			developmentRegion = en;
			hasScannedForEncodings = 0;
			knownRegions = (
				en,
				Base,
			);
			mainGroup = D3AB70A7249F076A00DFDDB7;
			productRefGroup = D3AB70B1249F076A00DFDDB7 /* Products */;
			projectDirPath = "";
			projectRoot = "";
			targets = (
				D3AB70AF249F076A00DFDDB7 /* ZisakuZiten */,
				D3AB70C5249F076B00DFDDB7 /* ZisakuZitenTests */,
				D3AB70D0249F076B00DFDDB7 /* ZisakuZitenUITests */,
			);
		};
/* End PBXProject section */

/* Begin PBXResourcesBuildPhase section */
		D3AB70AE249F076A00DFDDB7 /* Resources */ = {
			isa = PBXResourcesBuildPhase;
			buildActionMask = 2147483647;
			files = (
				D33692B124DBF84A0027FB17 /* KosugiMaru-Regular.ttf in Resources */,
				D36418D324C13BA2009E0499 /* PlaySelectItemTableViewCell.xib in Resources */,
				D335624024CB244B0057D12B /* SelectGroupView.xib in Resources */,
				D3C0985024D015BA00419F45 /* FlashCardViewController.xib in Resources */,
				D33692B524DD9B140027FB17 /* QuizGradeViewController.xib in Resources */,
				D335624E24CC789E0057D12B /* GroupPickerView.xib in Resources */,
				D3AB70C0249F076B00DFDDB7 /* LaunchScreen.storyboard in Resources */,
				D3AB70BD249F076B00DFDDB7 /* Assets.xcassets in Resources */,
				D3AB70F2249F3A8B00DFDDB7 /* ZitenTableViewCell.xib in Resources */,
				D3AB70BB249F076A00DFDDB7 /* Main.storyboard in Resources */,
				D3A6A4E024A36FC800CF6C87 /* CategoryEditTableViewCell.xib in Resources */,
				D3A96A9B24A1F0D70053639B /* CreateCategoryDialogViewController.xib in Resources */,
				D3AB70EC249F1EE700DFDDB7 /* GroupTableViewCell.xib in Resources */,
				D33692AA24D91E0A0027FB17 /* CorrectPopupViewController.xib in Resources */,
				D3C0985424D10D6F00419F45 /* QuizViewController.xib in Resources */,
			);
			runOnlyForDeploymentPostprocessing = 0;
		};
		D3AB70C4249F076B00DFDDB7 /* Resources */ = {
			isa = PBXResourcesBuildPhase;
			buildActionMask = 2147483647;
			files = (
			);
			runOnlyForDeploymentPostprocessing = 0;
		};
		D3AB70CF249F076B00DFDDB7 /* Resources */ = {
			isa = PBXResourcesBuildPhase;
			buildActionMask = 2147483647;
			files = (
			);
			runOnlyForDeploymentPostprocessing = 0;
		};
/* End PBXResourcesBuildPhase section */

/* Begin PBXShellScriptBuildPhase section */
		36F105055F1C803F8D17ABC9 /* [CP] Check Pods Manifest.lock */ = {
			isa = PBXShellScriptBuildPhase;
			buildActionMask = 2147483647;
			files = (
			);
			inputFileListPaths = (
			);
			inputPaths = (
				"${PODS_PODFILE_DIR_PATH}/Podfile.lock",
				"${PODS_ROOT}/Manifest.lock",
			);
			name = "[CP] Check Pods Manifest.lock";
			outputFileListPaths = (
			);
			outputPaths = (
				"$(DERIVED_FILE_DIR)/Pods-ZisakuZitenTests-checkManifestLockResult.txt",
			);
			runOnlyForDeploymentPostprocessing = 0;
			shellPath = /bin/sh;
			shellScript = "diff \"${PODS_PODFILE_DIR_PATH}/Podfile.lock\" \"${PODS_ROOT}/Manifest.lock\" > /dev/null\nif [ $? != 0 ] ; then\n    # print error to STDERR\n    echo \"error: The sandbox is not in sync with the Podfile.lock. Run 'pod install' or update your CocoaPods installation.\" >&2\n    exit 1\nfi\n# This output is used by Xcode 'outputs' to avoid re-running this script phase.\necho \"SUCCESS\" > \"${SCRIPT_OUTPUT_FILE_0}\"\n";
			showEnvVarsInLog = 0;
		};
		5FA4E97BF627128B33131CB8 /* [CP] Check Pods Manifest.lock */ = {
			isa = PBXShellScriptBuildPhase;
			buildActionMask = 2147483647;
			files = (
			);
			inputFileListPaths = (
			);
			inputPaths = (
				"${PODS_PODFILE_DIR_PATH}/Podfile.lock",
				"${PODS_ROOT}/Manifest.lock",
			);
			name = "[CP] Check Pods Manifest.lock";
			outputFileListPaths = (
			);
			outputPaths = (
				"$(DERIVED_FILE_DIR)/Pods-ZisakuZiten-ZisakuZitenUITests-checkManifestLockResult.txt",
			);
			runOnlyForDeploymentPostprocessing = 0;
			shellPath = /bin/sh;
			shellScript = "diff \"${PODS_PODFILE_DIR_PATH}/Podfile.lock\" \"${PODS_ROOT}/Manifest.lock\" > /dev/null\nif [ $? != 0 ] ; then\n    # print error to STDERR\n    echo \"error: The sandbox is not in sync with the Podfile.lock. Run 'pod install' or update your CocoaPods installation.\" >&2\n    exit 1\nfi\n# This output is used by Xcode 'outputs' to avoid re-running this script phase.\necho \"SUCCESS\" > \"${SCRIPT_OUTPUT_FILE_0}\"\n";
			showEnvVarsInLog = 0;
		};
		8AF2418D156A9CB3D2C39CE5 /* [CP] Embed Pods Frameworks */ = {
			isa = PBXShellScriptBuildPhase;
			buildActionMask = 2147483647;
			files = (
			);
			inputFileListPaths = (
				"${PODS_ROOT}/Target Support Files/Pods-ZisakuZiten-ZisakuZitenUITests/Pods-ZisakuZiten-ZisakuZitenUITests-frameworks-${CONFIGURATION}-input-files.xcfilelist",
			);
			name = "[CP] Embed Pods Frameworks";
			outputFileListPaths = (
				"${PODS_ROOT}/Target Support Files/Pods-ZisakuZiten-ZisakuZitenUITests/Pods-ZisakuZiten-ZisakuZitenUITests-frameworks-${CONFIGURATION}-output-files.xcfilelist",
			);
			runOnlyForDeploymentPostprocessing = 0;
			shellPath = /bin/sh;
			shellScript = "\"${PODS_ROOT}/Target Support Files/Pods-ZisakuZiten-ZisakuZitenUITests/Pods-ZisakuZiten-ZisakuZitenUITests-frameworks.sh\"\n";
			showEnvVarsInLog = 0;
		};
		94FC47459B95925B5FCDF6CB /* [CP] Check Pods Manifest.lock */ = {
			isa = PBXShellScriptBuildPhase;
			buildActionMask = 2147483647;
			files = (
			);
			inputFileListPaths = (
			);
			inputPaths = (
				"${PODS_PODFILE_DIR_PATH}/Podfile.lock",
				"${PODS_ROOT}/Manifest.lock",
			);
			name = "[CP] Check Pods Manifest.lock";
			outputFileListPaths = (
			);
			outputPaths = (
				"$(DERIVED_FILE_DIR)/Pods-ZisakuZiten-checkManifestLockResult.txt",
			);
			runOnlyForDeploymentPostprocessing = 0;
			shellPath = /bin/sh;
			shellScript = "diff \"${PODS_PODFILE_DIR_PATH}/Podfile.lock\" \"${PODS_ROOT}/Manifest.lock\" > /dev/null\nif [ $? != 0 ] ; then\n    # print error to STDERR\n    echo \"error: The sandbox is not in sync with the Podfile.lock. Run 'pod install' or update your CocoaPods installation.\" >&2\n    exit 1\nfi\n# This output is used by Xcode 'outputs' to avoid re-running this script phase.\necho \"SUCCESS\" > \"${SCRIPT_OUTPUT_FILE_0}\"\n";
			showEnvVarsInLog = 0;
		};
		B3EED2DF6E3645D827A40DD7 /* [CP] Embed Pods Frameworks */ = {
			isa = PBXShellScriptBuildPhase;
			buildActionMask = 2147483647;
			files = (
			);
			inputFileListPaths = (
				"${PODS_ROOT}/Target Support Files/Pods-ZisakuZiten/Pods-ZisakuZiten-frameworks-${CONFIGURATION}-input-files.xcfilelist",
			);
			name = "[CP] Embed Pods Frameworks";
			outputFileListPaths = (
				"${PODS_ROOT}/Target Support Files/Pods-ZisakuZiten/Pods-ZisakuZiten-frameworks-${CONFIGURATION}-output-files.xcfilelist",
			);
			runOnlyForDeploymentPostprocessing = 0;
			shellPath = /bin/sh;
			shellScript = "\"${PODS_ROOT}/Target Support Files/Pods-ZisakuZiten/Pods-ZisakuZiten-frameworks.sh\"\n";
			showEnvVarsInLog = 0;
		};
/* End PBXShellScriptBuildPhase section */

/* Begin PBXSourcesBuildPhase section */
		D3AB70AC249F076A00DFDDB7 /* Sources */ = {
			isa = PBXSourcesBuildPhase;
			buildActionMask = 2147483647;
			files = (
				D36418D224C13BA2009E0499 /* PlaySelectItemTableViewCell.swift in Sources */,
				D3C0985324D10D6F00419F45 /* QuizViewController.swift in Sources */,
				D3AB70F6249F888800DFDDB7 /* Ziten.swift in Sources */,
				D37AED8424B84663001E6302 /* UIImage+resize.swift in Sources */,
				D335623C24C988170057D12B /* PlayNavigationController.swift in Sources */,
				D33692AE24DBE84A0027FB17 /* QuizItemButton.swift in Sources */,
				D3AB70F4249F66DE00DFDDB7 /* Group.swift in Sources */,
				D3AB70F1249F3A8B00DFDDB7 /* ZitenTableViewCell.swift in Sources */,
				D335625024CC8F6C0057D12B /* GroupPickerViewOwner.swift in Sources */,
				D39FC4F124C408E800C4C0A1 /* QuizNavigationController.swift in Sources */,
				D3A6A4DF24A36FC800CF6C87 /* CategoryEditTableViewCell.swift in Sources */,
				D33692B424DD9B140027FB17 /* QuizGradeViewController.swift in Sources */,
				D335624C24CC78650057D12B /* GroupPickerView.swift in Sources */,
				D3C594DD24CDF07200066E42 /* PlayListItem.swift in Sources */,
				D3AB70FA24A09A9A00DFDDB7 /* ZitenEditerViewController.swift in Sources */,
				D3A6A4DB24A26CBB00CF6C87 /* EditCategoryViewController.swift in Sources */,
				D3A96A9A24A1F0D70053639B /* CreateCategoryDialogViewController.swift in Sources */,
				D39FC4EC24C3E76400C4C0A1 /* UIView+asImage.swift in Sources */,
				D33692AC24DAA0A20027FB17 /* UIView+Blur.swift in Sources */,
				D3AB70EE249F2B1A00DFDDB7 /* ZitenViewController.swift in Sources */,
				D3AB70B8249F076A00DFDDB7 /* ViewController.swift in Sources */,
				D3F79FFE24BEFB3500127E7A /* PlayViewController.swift in Sources */,
				D335623E24CB243E0057D12B /* SelectGroupView.swift in Sources */,
				D335624424CC5E460057D12B /* PlayStartViewController.swift in Sources */,
				D33692B024DBE9860027FB17 /* UIColor+convertToRGBA.swift in Sources */,
				D3AB70F8249F88E400DFDDB7 /* Category.swift in Sources */,
				D3AB70B4249F076A00DFDDB7 /* AppDelegate.swift in Sources */,
				D3C0985624D2E65900419F45 /* PlayBaseViewController.swift in Sources */,
				D3C0984F24D015BA00419F45 /* FlashCardViewController.swift in Sources */,
				D335623A24C96C9E0057D12B /* UIColor+random.swift in Sources */,
				D335624224CC56BC0057D12B /* PlayStartButton.swift in Sources */,
				D3FEFFDA24C8E0FD0069A356 /* MainTabViewController.swift in Sources */,
				D3AB70FE24A113E200DFDDB7 /* ZitenPreviewViewController.swift in Sources */,
				D3AB70B6249F076A00DFDDB7 /* SceneDelegate.swift in Sources */,
				D3A6A4E224A640FA00CF6C87 /* CategoryColorButton.swift in Sources */,
				D3AB70EB249F1EE700DFDDB7 /* GroupTableViewCell.swift in Sources */,
				D335624624CC5F110057D12B /* UIColor+hex.swift in Sources */,
				D358122424AD60900042FEA7 /* CategoryColors.swift in Sources */,
				D33692A924D91E0A0027FB17 /* CorrectPopupViewController.swift in Sources */,
				D39FC4E924C3DEB000C4C0A1 /* Playlist.swift in Sources */,
			);
			runOnlyForDeploymentPostprocessing = 0;
		};
		D3AB70C2249F076B00DFDDB7 /* Sources */ = {
			isa = PBXSourcesBuildPhase;
			buildActionMask = 2147483647;
			files = (
				D3AB70CB249F076B00DFDDB7 /* ZisakuZitenTests.swift in Sources */,
			);
			runOnlyForDeploymentPostprocessing = 0;
		};
		D3AB70CD249F076B00DFDDB7 /* Sources */ = {
			isa = PBXSourcesBuildPhase;
			buildActionMask = 2147483647;
			files = (
				D3AB70D6249F076B00DFDDB7 /* ZisakuZitenUITests.swift in Sources */,
			);
			runOnlyForDeploymentPostprocessing = 0;
		};
/* End PBXSourcesBuildPhase section */

/* Begin PBXTargetDependency section */
		D3AB70C8249F076B00DFDDB7 /* PBXTargetDependency */ = {
			isa = PBXTargetDependency;
			target = D3AB70AF249F076A00DFDDB7 /* ZisakuZiten */;
			targetProxy = D3AB70C7249F076B00DFDDB7 /* PBXContainerItemProxy */;
		};
		D3AB70D3249F076B00DFDDB7 /* PBXTargetDependency */ = {
			isa = PBXTargetDependency;
			target = D3AB70AF249F076A00DFDDB7 /* ZisakuZiten */;
			targetProxy = D3AB70D2249F076B00DFDDB7 /* PBXContainerItemProxy */;
		};
/* End PBXTargetDependency section */

/* Begin PBXVariantGroup section */
		D3AB70B9249F076A00DFDDB7 /* Main.storyboard */ = {
			isa = PBXVariantGroup;
			children = (
				D3AB70BA249F076A00DFDDB7 /* Base */,
			);
			name = Main.storyboard;
			sourceTree = "<group>";
		};
		D3AB70BE249F076B00DFDDB7 /* LaunchScreen.storyboard */ = {
			isa = PBXVariantGroup;
			children = (
				D3AB70BF249F076B00DFDDB7 /* Base */,
			);
			name = LaunchScreen.storyboard;
			sourceTree = "<group>";
		};
/* End PBXVariantGroup section */

/* Begin XCBuildConfiguration section */
		D3AB70D8249F076B00DFDDB7 /* Debug */ = {
			isa = XCBuildConfiguration;
			buildSettings = {
				ALWAYS_SEARCH_USER_PATHS = NO;
				CLANG_ANALYZER_NONNULL = YES;
				CLANG_ANALYZER_NUMBER_OBJECT_CONVERSION = YES_AGGRESSIVE;
				CLANG_CXX_LANGUAGE_STANDARD = "gnu++14";
				CLANG_CXX_LIBRARY = "libc++";
				CLANG_ENABLE_MODULES = YES;
				CLANG_ENABLE_OBJC_ARC = YES;
				CLANG_ENABLE_OBJC_WEAK = YES;
				CLANG_WARN_BLOCK_CAPTURE_AUTORELEASING = YES;
				CLANG_WARN_BOOL_CONVERSION = YES;
				CLANG_WARN_COMMA = YES;
				CLANG_WARN_CONSTANT_CONVERSION = YES;
				CLANG_WARN_DEPRECATED_OBJC_IMPLEMENTATIONS = YES;
				CLANG_WARN_DIRECT_OBJC_ISA_USAGE = YES_ERROR;
				CLANG_WARN_DOCUMENTATION_COMMENTS = YES;
				CLANG_WARN_EMPTY_BODY = YES;
				CLANG_WARN_ENUM_CONVERSION = YES;
				CLANG_WARN_INFINITE_RECURSION = YES;
				CLANG_WARN_INT_CONVERSION = YES;
				CLANG_WARN_NON_LITERAL_NULL_CONVERSION = YES;
				CLANG_WARN_OBJC_IMPLICIT_RETAIN_SELF = YES;
				CLANG_WARN_OBJC_LITERAL_CONVERSION = YES;
				CLANG_WARN_OBJC_ROOT_CLASS = YES_ERROR;
				CLANG_WARN_RANGE_LOOP_ANALYSIS = YES;
				CLANG_WARN_STRICT_PROTOTYPES = YES;
				CLANG_WARN_SUSPICIOUS_MOVE = YES;
				CLANG_WARN_UNGUARDED_AVAILABILITY = YES_AGGRESSIVE;
				CLANG_WARN_UNREACHABLE_CODE = YES;
				CLANG_WARN__DUPLICATE_METHOD_MATCH = YES;
				COPY_PHASE_STRIP = NO;
				DEBUG_INFORMATION_FORMAT = dwarf;
				ENABLE_STRICT_OBJC_MSGSEND = YES;
				ENABLE_TESTABILITY = YES;
				GCC_C_LANGUAGE_STANDARD = gnu11;
				GCC_DYNAMIC_NO_PIC = NO;
				GCC_NO_COMMON_BLOCKS = YES;
				GCC_OPTIMIZATION_LEVEL = 0;
				GCC_PREPROCESSOR_DEFINITIONS = (
					"DEBUG=1",
					"$(inherited)",
				);
				GCC_WARN_64_TO_32_BIT_CONVERSION = YES;
				GCC_WARN_ABOUT_RETURN_TYPE = YES_ERROR;
				GCC_WARN_UNDECLARED_SELECTOR = YES;
				GCC_WARN_UNINITIALIZED_AUTOS = YES_AGGRESSIVE;
				GCC_WARN_UNUSED_FUNCTION = YES;
				GCC_WARN_UNUSED_VARIABLE = YES;
				IPHONEOS_DEPLOYMENT_TARGET = 13.4;
				MTL_ENABLE_DEBUG_INFO = INCLUDE_SOURCE;
				MTL_FAST_MATH = YES;
				ONLY_ACTIVE_ARCH = YES;
				SDKROOT = iphoneos;
				SWIFT_ACTIVE_COMPILATION_CONDITIONS = DEBUG;
				SWIFT_OPTIMIZATION_LEVEL = "-Onone";
			};
			name = Debug;
		};
		D3AB70D9249F076B00DFDDB7 /* Release */ = {
			isa = XCBuildConfiguration;
			buildSettings = {
				ALWAYS_SEARCH_USER_PATHS = NO;
				CLANG_ANALYZER_NONNULL = YES;
				CLANG_ANALYZER_NUMBER_OBJECT_CONVERSION = YES_AGGRESSIVE;
				CLANG_CXX_LANGUAGE_STANDARD = "gnu++14";
				CLANG_CXX_LIBRARY = "libc++";
				CLANG_ENABLE_MODULES = YES;
				CLANG_ENABLE_OBJC_ARC = YES;
				CLANG_ENABLE_OBJC_WEAK = YES;
				CLANG_WARN_BLOCK_CAPTURE_AUTORELEASING = YES;
				CLANG_WARN_BOOL_CONVERSION = YES;
				CLANG_WARN_COMMA = YES;
				CLANG_WARN_CONSTANT_CONVERSION = YES;
				CLANG_WARN_DEPRECATED_OBJC_IMPLEMENTATIONS = YES;
				CLANG_WARN_DIRECT_OBJC_ISA_USAGE = YES_ERROR;
				CLANG_WARN_DOCUMENTATION_COMMENTS = YES;
				CLANG_WARN_EMPTY_BODY = YES;
				CLANG_WARN_ENUM_CONVERSION = YES;
				CLANG_WARN_INFINITE_RECURSION = YES;
				CLANG_WARN_INT_CONVERSION = YES;
				CLANG_WARN_NON_LITERAL_NULL_CONVERSION = YES;
				CLANG_WARN_OBJC_IMPLICIT_RETAIN_SELF = YES;
				CLANG_WARN_OBJC_LITERAL_CONVERSION = YES;
				CLANG_WARN_OBJC_ROOT_CLASS = YES_ERROR;
				CLANG_WARN_RANGE_LOOP_ANALYSIS = YES;
				CLANG_WARN_STRICT_PROTOTYPES = YES;
				CLANG_WARN_SUSPICIOUS_MOVE = YES;
				CLANG_WARN_UNGUARDED_AVAILABILITY = YES_AGGRESSIVE;
				CLANG_WARN_UNREACHABLE_CODE = YES;
				CLANG_WARN__DUPLICATE_METHOD_MATCH = YES;
				COPY_PHASE_STRIP = NO;
				DEBUG_INFORMATION_FORMAT = "dwarf-with-dsym";
				ENABLE_NS_ASSERTIONS = NO;
				ENABLE_STRICT_OBJC_MSGSEND = YES;
				GCC_C_LANGUAGE_STANDARD = gnu11;
				GCC_NO_COMMON_BLOCKS = YES;
				GCC_WARN_64_TO_32_BIT_CONVERSION = YES;
				GCC_WARN_ABOUT_RETURN_TYPE = YES_ERROR;
				GCC_WARN_UNDECLARED_SELECTOR = YES;
				GCC_WARN_UNINITIALIZED_AUTOS = YES_AGGRESSIVE;
				GCC_WARN_UNUSED_FUNCTION = YES;
				GCC_WARN_UNUSED_VARIABLE = YES;
				IPHONEOS_DEPLOYMENT_TARGET = 13.4;
				MTL_ENABLE_DEBUG_INFO = NO;
				MTL_FAST_MATH = YES;
				SDKROOT = iphoneos;
				SWIFT_COMPILATION_MODE = wholemodule;
				SWIFT_OPTIMIZATION_LEVEL = "-O";
				VALIDATE_PRODUCT = YES;
			};
			name = Release;
		};
		D3AB70DB249F076B00DFDDB7 /* Debug */ = {
			isa = XCBuildConfiguration;
			baseConfigurationReference = E96D2E82B4094384A88DED24 /* Pods-ZisakuZiten.debug.xcconfig */;
			buildSettings = {
				ASSETCATALOG_COMPILER_APPICON_NAME = AppIcon;
				CODE_SIGN_STYLE = Automatic;
				DEVELOPMENT_TEAM = XR3UW32WU4;
				INFOPLIST_FILE = ZisakuZiten/Info.plist;
				IPHONEOS_DEPLOYMENT_TARGET = 13.0;
				LD_RUNPATH_SEARCH_PATHS = (
					"$(inherited)",
					"@executable_path/Frameworks",
				);
				PRODUCT_BUNDLE_IDENTIFIER = com.com.com.ZisakuZiten;
				PRODUCT_NAME = "自作辞典";
				SWIFT_VERSION = 5.0;
				TARGETED_DEVICE_FAMILY = "1,2";
			};
			name = Debug;
		};
		D3AB70DC249F076B00DFDDB7 /* Release */ = {
			isa = XCBuildConfiguration;
			baseConfigurationReference = 5D6E70AD28E4EBDC97DCB07D /* Pods-ZisakuZiten.release.xcconfig */;
			buildSettings = {
				ASSETCATALOG_COMPILER_APPICON_NAME = AppIcon;
				CODE_SIGN_STYLE = Automatic;
				DEVELOPMENT_TEAM = XR3UW32WU4;
				INFOPLIST_FILE = ZisakuZiten/Info.plist;
				IPHONEOS_DEPLOYMENT_TARGET = 13.0;
				LD_RUNPATH_SEARCH_PATHS = (
					"$(inherited)",
					"@executable_path/Frameworks",
				);
				PRODUCT_BUNDLE_IDENTIFIER = com.com.com.ZisakuZiten;
				PRODUCT_NAME = "自作辞典";
				SWIFT_VERSION = 5.0;
				TARGETED_DEVICE_FAMILY = "1,2";
			};
			name = Release;
		};
		D3AB70DE249F076B00DFDDB7 /* Debug */ = {
			isa = XCBuildConfiguration;
			baseConfigurationReference = 6A8D1B79B4FDB77B5BF64472 /* Pods-ZisakuZitenTests.debug.xcconfig */;
			buildSettings = {
				ALWAYS_EMBED_SWIFT_STANDARD_LIBRARIES = YES;
				BUNDLE_LOADER = "$(TEST_HOST)";
				CODE_SIGN_STYLE = Automatic;
				DEVELOPMENT_TEAM = XR3UW32WU4;
				INFOPLIST_FILE = ZisakuZitenTests/Info.plist;
				IPHONEOS_DEPLOYMENT_TARGET = 13.4;
				LD_RUNPATH_SEARCH_PATHS = (
					"$(inherited)",
					"@executable_path/Frameworks",
					"@loader_path/Frameworks",
				);
				PRODUCT_BUNDLE_IDENTIFIER = com.com.com.ZisakuZitenTests;
				PRODUCT_NAME = "$(TARGET_NAME)";
				SWIFT_VERSION = 5.0;
				TARGETED_DEVICE_FAMILY = "1,2";
				TEST_HOST = "$(BUILT_PRODUCTS_DIR)/ZisakuZiten.app/ZisakuZiten";
			};
			name = Debug;
		};
		D3AB70DF249F076B00DFDDB7 /* Release */ = {
			isa = XCBuildConfiguration;
			baseConfigurationReference = 617F337C3E67A6BB3A803229 /* Pods-ZisakuZitenTests.release.xcconfig */;
			buildSettings = {
				ALWAYS_EMBED_SWIFT_STANDARD_LIBRARIES = YES;
				BUNDLE_LOADER = "$(TEST_HOST)";
				CODE_SIGN_STYLE = Automatic;
				DEVELOPMENT_TEAM = XR3UW32WU4;
				INFOPLIST_FILE = ZisakuZitenTests/Info.plist;
				IPHONEOS_DEPLOYMENT_TARGET = 13.4;
				LD_RUNPATH_SEARCH_PATHS = (
					"$(inherited)",
					"@executable_path/Frameworks",
					"@loader_path/Frameworks",
				);
				PRODUCT_BUNDLE_IDENTIFIER = com.com.com.ZisakuZitenTests;
				PRODUCT_NAME = "$(TARGET_NAME)";
				SWIFT_VERSION = 5.0;
				TARGETED_DEVICE_FAMILY = "1,2";
				TEST_HOST = "$(BUILT_PRODUCTS_DIR)/ZisakuZiten.app/ZisakuZiten";
			};
			name = Release;
		};
		D3AB70E1249F076B00DFDDB7 /* Debug */ = {
			isa = XCBuildConfiguration;
			baseConfigurationReference = 9F53344879C4469E50AF8A01 /* Pods-ZisakuZiten-ZisakuZitenUITests.debug.xcconfig */;
			buildSettings = {
				ALWAYS_EMBED_SWIFT_STANDARD_LIBRARIES = YES;
				CODE_SIGN_STYLE = Automatic;
				DEVELOPMENT_TEAM = XR3UW32WU4;
				INFOPLIST_FILE = ZisakuZitenUITests/Info.plist;
				LD_RUNPATH_SEARCH_PATHS = (
					"$(inherited)",
					"@executable_path/Frameworks",
					"@loader_path/Frameworks",
				);
				PRODUCT_BUNDLE_IDENTIFIER = com.com.com.ZisakuZitenUITests;
				PRODUCT_NAME = "$(TARGET_NAME)";
				SWIFT_VERSION = 5.0;
				TARGETED_DEVICE_FAMILY = "1,2";
				TEST_TARGET_NAME = ZisakuZiten;
			};
			name = Debug;
		};
		D3AB70E2249F076B00DFDDB7 /* Release */ = {
			isa = XCBuildConfiguration;
			baseConfigurationReference = 44C33D623615775691CA1168 /* Pods-ZisakuZiten-ZisakuZitenUITests.release.xcconfig */;
			buildSettings = {
				ALWAYS_EMBED_SWIFT_STANDARD_LIBRARIES = YES;
				CODE_SIGN_STYLE = Automatic;
				DEVELOPMENT_TEAM = XR3UW32WU4;
				INFOPLIST_FILE = ZisakuZitenUITests/Info.plist;
				LD_RUNPATH_SEARCH_PATHS = (
					"$(inherited)",
					"@executable_path/Frameworks",
					"@loader_path/Frameworks",
				);
				PRODUCT_BUNDLE_IDENTIFIER = com.com.com.ZisakuZitenUITests;
				PRODUCT_NAME = "$(TARGET_NAME)";
				SWIFT_VERSION = 5.0;
				TARGETED_DEVICE_FAMILY = "1,2";
				TEST_TARGET_NAME = ZisakuZiten;
			};
			name = Release;
		};
/* End XCBuildConfiguration section */

/* Begin XCConfigurationList section */
		D3AB70AB249F076A00DFDDB7 /* Build configuration list for PBXProject "ZisakuZiten" */ = {
			isa = XCConfigurationList;
			buildConfigurations = (
				D3AB70D8249F076B00DFDDB7 /* Debug */,
				D3AB70D9249F076B00DFDDB7 /* Release */,
			);
			defaultConfigurationIsVisible = 0;
			defaultConfigurationName = Release;
		};
		D3AB70DA249F076B00DFDDB7 /* Build configuration list for PBXNativeTarget "ZisakuZiten" */ = {
			isa = XCConfigurationList;
			buildConfigurations = (
				D3AB70DB249F076B00DFDDB7 /* Debug */,
				D3AB70DC249F076B00DFDDB7 /* Release */,
			);
			defaultConfigurationIsVisible = 0;
			defaultConfigurationName = Release;
		};
		D3AB70DD249F076B00DFDDB7 /* Build configuration list for PBXNativeTarget "ZisakuZitenTests" */ = {
			isa = XCConfigurationList;
			buildConfigurations = (
				D3AB70DE249F076B00DFDDB7 /* Debug */,
				D3AB70DF249F076B00DFDDB7 /* Release */,
			);
			defaultConfigurationIsVisible = 0;
			defaultConfigurationName = Release;
		};
		D3AB70E0249F076B00DFDDB7 /* Build configuration list for PBXNativeTarget "ZisakuZitenUITests" */ = {
			isa = XCConfigurationList;
			buildConfigurations = (
				D3AB70E1249F076B00DFDDB7 /* Debug */,
				D3AB70E2249F076B00DFDDB7 /* Release */,
			);
			defaultConfigurationIsVisible = 0;
			defaultConfigurationName = Release;
		};
/* End XCConfigurationList section */
	};
	rootObject = D3AB70A8249F076A00DFDDB7 /* Project object */;
}
